
Microsoft Visual Studio Solution File, Format Version 12.00
# Visual Studio Version 16
VisualStudioVersion = 16.0.31424.327
MinimumVisualStudioVersion = 10.0.40219.1
Project("{9A19103F-16F7-4668-BE54-9A1E7A4F7556}") = "Divers Hotel", "Divers Hotel\Divers Hotel.csproj", "{D27AB84E-69AF-411F-87F6-9A54FDD0785B}"
EndProject
Global
	GlobalSection(SolutionConfigurationPlatforms) = preSolution
		Debug|Any CPU = Debug|Any CPU
		Release|Any CPU = Release|Any CPU
	EndGlobalSection
	GlobalSection(ProjectConfigurationPlatforms) = postSolution
		{D27AB84E-69AF-411F-87F6-9A54FDD0785B}.Debug|Any CPU.ActiveCfg = Debug|Any CPU
		{D27AB84E-69AF-411F-87F6-9A54FDD0785B}.Debug|Any CPU.Build.0 = Debug|Any CPU
		{D27AB84E-69AF-411F-87F6-9A54FDD0785B}.Release|Any CPU.ActiveCfg = Release|Any CPU
		{D27AB84E-69AF-411F-87F6-9A54FDD0785B}.Release|Any CPU.Build.0 = Release|Any CPU
	EndGlobalSection
	GlobalSection(SolutionProperties) = preSolution
		HideSolutionNode = FALSE
	EndGlobalSection
	GlobalSection(ExtensibilityGlobals) = postSolution
		SolutionGuid = {294BAF03-76E1-43C6-B3DE-CD43832B6851}
	EndGlobalSection
EndGlobal
